
Microsoft Visual Studio Solution File, Format Version 12.00
# Visual Studio Version 17
VisualStudioVersion = 17.6.33815.320
MinimumVisualStudioVersion = 10.0.40219.1
Project("{9A19103F-16F7-4668-BE54-9A1E7A4F7556}") = "Helper", "Helper\Helper.csproj", "{5D410FAC-6D3C-441F-AC6B-1A159126D06C}"
EndProject
Project("{9A19103F-16F7-4668-BE54-9A1E7A4F7556}") = "WebAPI", "WebAPI\WebAPI.csproj", "{6BE7362C-DC52-4200-8E79-527C935DD9FC}"
EndProject
Project("{9A19103F-16F7-4668-BE54-9A1E7A4F7556}") = "Client", "Client\Client\Client.csproj", "{068EF0AF-59C4-4249-887D-5CF6B99D73AA}"
EndProject
Project("{9A19103F-16F7-4668-BE54-9A1E7A4F7556}") = "Client.Android", "Client\Client.Android\Client.Android.csproj", "{38452797-7397-4EC5-B1AF-98179BDFEB0E}"
EndProject
Project("{9A19103F-16F7-4668-BE54-9A1E7A4F7556}") = "Client.Desktop", "Client\Client.Desktop\Client.Desktop.csproj", "{74CC1B60-0B94-462E-B8E7-1FA8804D7FBD}"
EndProject
Project("{2150E333-8FDC-42A3-9474-1A3956D46DE8}") = "MainClient", "MainClient", "{A23ABB34-0AE5-4BB1-91E9-5B897B1C2C83}"
EndProject
Project("{2150E333-8FDC-42A3-9474-1A3956D46DE8}") = "Server", "Server", "{2A1ECE63-292D-4400-BC03-B8316065BF8E}"
EndProject
Project("{2150E333-8FDC-42A3-9474-1A3956D46DE8}") = "Diagram", "Diagram", "{05399754-3B87-4D23-95E0-5B2C057F1070}"
	ProjectSection(SolutionItems) = preProject
		Client\Client\ClassDiagramClient.cd = Client\Client\ClassDiagramClient.cd
		WebAPI\ClassDiagramServer.cd = WebAPI\ClassDiagramServer.cd
	EndProjectSection
EndProject
Project("{9A19103F-16F7-4668-BE54-9A1E7A4F7556}") = "Client.Browser", "ClientW.Browser\Client.Browser.csproj", "{10EB4F0E-779B-440F-BEBD-350EAAB2EAA9}"
EndProject
Global
	GlobalSection(SolutionConfigurationPlatforms) = preSolution
		Debug|Any CPU = Debug|Any CPU
		Debug|x64 = Debug|x64
		Release|Any CPU = Release|Any CPU
		Release|x64 = Release|x64
	EndGlobalSection
	GlobalSection(ProjectConfigurationPlatforms) = postSolution
		{5D410FAC-6D3C-441F-AC6B-1A159126D06C}.Debug|Any CPU.ActiveCfg = Debug|Any CPU
		{5D410FAC-6D3C-441F-AC6B-1A159126D06C}.Debug|Any CPU.Build.0 = Debug|Any CPU
		{5D410FAC-6D3C-441F-AC6B-1A159126D06C}.Debug|x64.ActiveCfg = Debug|Any CPU
		{5D410FAC-6D3C-441F-AC6B-1A159126D06C}.Debug|x64.Build.0 = Debug|Any CPU
		{5D410FAC-6D3C-441F-AC6B-1A159126D06C}.Release|Any CPU.ActiveCfg = Release|Any CPU
		{5D410FAC-6D3C-441F-AC6B-1A159126D06C}.Release|Any CPU.Build.0 = Release|Any CPU
		{5D410FAC-6D3C-441F-AC6B-1A159126D06C}.Release|x64.ActiveCfg = Release|Any CPU
		{5D410FAC-6D3C-441F-AC6B-1A159126D06C}.Release|x64.Build.0 = Release|Any CPU
		{6BE7362C-DC52-4200-8E79-527C935DD9FC}.Debug|Any CPU.ActiveCfg = Debug|Any CPU
		{6BE7362C-DC52-4200-8E79-527C935DD9FC}.Debug|Any CPU.Build.0 = Debug|Any CPU
		{6BE7362C-DC52-4200-8E79-527C935DD9FC}.Debug|x64.ActiveCfg = Debug|Any CPU
		{6BE7362C-DC52-4200-8E79-527C935DD9FC}.Debug|x64.Build.0 = Debug|Any CPU
		{6BE7362C-DC52-4200-8E79-527C935DD9FC}.Release|Any CPU.ActiveCfg = Release|Any CPU
		{6BE7362C-DC52-4200-8E79-527C935DD9FC}.Release|Any CPU.Build.0 = Release|Any CPU
		{6BE7362C-DC52-4200-8E79-527C935DD9FC}.Release|x64.ActiveCfg = Release|Any CPU
		{6BE7362C-DC52-4200-8E79-527C935DD9FC}.Release|x64.Build.0 = Release|Any CPU
		{068EF0AF-59C4-4249-887D-5CF6B99D73AA}.Debug|Any CPU.ActiveCfg = Debug|Any CPU
		{068EF0AF-59C4-4249-887D-5CF6B99D73AA}.Debug|Any CPU.Build.0 = Debug|Any CPU
		{068EF0AF-59C4-4249-887D-5CF6B99D73AA}.Debug|x64.ActiveCfg = Debug|Any CPU
		{068EF0AF-59C4-4249-887D-5CF6B99D73AA}.Debug|x64.Build.0 = Debug|Any CPU
		{068EF0AF-59C4-4249-887D-5CF6B99D73AA}.Release|Any CPU.ActiveCfg = Release|Any CPU
		{068EF0AF-59C4-4249-887D-5CF6B99D73AA}.Release|Any CPU.Build.0 = Release|Any CPU
		{068EF0AF-59C4-4249-887D-5CF6B99D73AA}.Release|x64.ActiveCfg = Release|Any CPU
		{068EF0AF-59C4-4249-887D-5CF6B99D73AA}.Release|x64.Build.0 = Release|Any CPU
		{38452797-7397-4EC5-B1AF-98179BDFEB0E}.Debug|Any CPU.ActiveCfg = Debug|Any CPU
		{38452797-7397-4EC5-B1AF-98179BDFEB0E}.Debug|Any CPU.Build.0 = Debug|Any CPU
		{38452797-7397-4EC5-B1AF-98179BDFEB0E}.Debug|Any CPU.Deploy.0 = Debug|Any CPU
		{38452797-7397-4EC5-B1AF-98179BDFEB0E}.Debug|x64.ActiveCfg = Debug|Any CPU
		{38452797-7397-4EC5-B1AF-98179BDFEB0E}.Debug|x64.Build.0 = Debug|Any CPU
		{38452797-7397-4EC5-B1AF-98179BDFEB0E}.Debug|x64.Deploy.0 = Debug|Any CPU
		{38452797-7397-4EC5-B1AF-98179BDFEB0E}.Release|Any CPU.ActiveCfg = Release|Any CPU
		{38452797-7397-4EC5-B1AF-98179BDFEB0E}.Release|Any CPU.Build.0 = Release|Any CPU
		{38452797-7397-4EC5-B1AF-98179BDFEB0E}.Release|Any CPU.Deploy.0 = Release|Any CPU
		{38452797-7397-4EC5-B1AF-98179BDFEB0E}.Release|x64.ActiveCfg = Release|Any CPU
		{38452797-7397-4EC5-B1AF-98179BDFEB0E}.Release|x64.Build.0 = Release|Any CPU
		{38452797-7397-4EC5-B1AF-98179BDFEB0E}.Release|x64.Deploy.0 = Release|Any CPU
		{74CC1B60-0B94-462E-B8E7-1FA8804D7FBD}.Debug|Any CPU.ActiveCfg = Debug|Any CPU
		{74CC1B60-0B94-462E-B8E7-1FA8804D7FBD}.Debug|Any CPU.Build.0 = Debug|Any CPU
		{74CC1B60-0B94-462E-B8E7-1FA8804D7FBD}.Debug|x64.ActiveCfg = Debug|x64
		{74CC1B60-0B94-462E-B8E7-1FA8804D7FBD}.Debug|x64.Build.0 = Debug|x64
		{74CC1B60-0B94-462E-B8E7-1FA8804D7FBD}.Release|Any CPU.ActiveCfg = Release|Any CPU
		{74CC1B60-0B94-462E-B8E7-1FA8804D7FBD}.Release|Any CPU.Build.0 = Release|Any CPU
		{74CC1B60-0B94-462E-B8E7-1FA8804D7FBD}.Release|x64.ActiveCfg = Release|x64
		{74CC1B60-0B94-462E-B8E7-1FA8804D7FBD}.Release|x64.Build.0 = Release|x64
		{10EB4F0E-779B-440F-BEBD-350EAAB2EAA9}.Debug|Any CPU.ActiveCfg = Debug|Any CPU
		{10EB4F0E-779B-440F-BEBD-350EAAB2EAA9}.Debug|Any CPU.Build.0 = Debug|Any CPU
		{10EB4F0E-779B-440F-BEBD-350EAAB2EAA9}.Debug|x64.ActiveCfg = Debug|Any CPU
		{10EB4F0E-779B-440F-BEBD-350EAAB2EAA9}.Debug|x64.Build.0 = Debug|Any CPU
		{10EB4F0E-779B-440F-BEBD-350EAAB2EAA9}.Release|Any CPU.ActiveCfg = Release|Any CPU
		{10EB4F0E-779B-440F-BEBD-350EAAB2EAA9}.Release|Any CPU.Build.0 = Release|Any CPU
		{10EB4F0E-779B-440F-BEBD-350EAAB2EAA9}.Release|x64.ActiveCfg = Release|Any CPU
		{10EB4F0E-779B-440F-BEBD-350EAAB2EAA9}.Release|x64.Build.0 = Release|Any CPU
	EndGlobalSection
	GlobalSection(SolutionProperties) = preSolution
		HideSolutionNode = FALSE
	EndGlobalSection
	GlobalSection(NestedProjects) = preSolution
		{6BE7362C-DC52-4200-8E79-527C935DD9FC} = {2A1ECE63-292D-4400-BC03-B8316065BF8E}
		{068EF0AF-59C4-4249-887D-5CF6B99D73AA} = {A23ABB34-0AE5-4BB1-91E9-5B897B1C2C83}
		{38452797-7397-4EC5-B1AF-98179BDFEB0E} = {A23ABB34-0AE5-4BB1-91E9-5B897B1C2C83}
		{74CC1B60-0B94-462E-B8E7-1FA8804D7FBD} = {A23ABB34-0AE5-4BB1-91E9-5B897B1C2C83}
		{10EB4F0E-779B-440F-BEBD-350EAAB2EAA9} = {A23ABB34-0AE5-4BB1-91E9-5B897B1C2C83}
	EndGlobalSection
	GlobalSection(ExtensibilityGlobals) = postSolution
		SolutionGuid = {169D163D-B8C1-4084-A1DF-FE60076E14F7}
	EndGlobalSection
EndGlobal
